
Microsoft Visual Studio Solution File, Format Version 12.00
# Visual Studio 15
VisualStudioVersion = 15.0.26430.6
MinimumVisualStudioVersion = 10.0.40219.1
Project("{F2A71F9B-5D33-465A-A702-920D77279786}") = "VirtualBag", "VirtualBag\VirtualBag.fsproj", "{01674A82-906F-4239-89CD-E0843147D99B}"
EndProject
Global
	GlobalSection(SolutionConfigurationPlatforms) = preSolution
		Debug|Any CPU = Debug|Any CPU
		Release|Any CPU = Release|Any CPU
	EndGlobalSection
	GlobalSection(ProjectConfigurationPlatforms) = postSolution
		{01674A82-906F-4239-89CD-E0843147D99B}.Debug|Any CPU.ActiveCfg = Debug|Any CPU
		{01674A82-906F-4239-89CD-E0843147D99B}.Debug|Any CPU.Build.0 = Debug|Any CPU
		{01674A82-906F-4239-89CD-E0843147D99B}.Release|Any CPU.ActiveCfg = Release|Any CPU
		{01674A82-906F-4239-89CD-E0843147D99B}.Release|Any CPU.Build.0 = Release|Any CPU
	EndGlobalSection
	GlobalSection(SolutionProperties) = preSolution
		HideSolutionNode = FALSE
	EndGlobalSection
EndGlobal
